// !$*UTF8*$!
{
	archiveVersion = 1;
	classes = {
	};
	objectVersion = 51;
	objects = {

/* Begin PBXBuildFile section */
		54840194553677ECE84C2070 /* Pods_flixappTests.framework in Frameworks */ = {isa = PBXBuildFile; fileRef = BD2E90BC34B1DD700807B8FF /* Pods_flixappTests.framework */; };
		92B001F4001CE620B0746F0A /* Pods_flixapp.framework in Frameworks */ = {isa = PBXBuildFile; fileRef = AA0174B776C27769F5934C2B /* Pods_flixapp.framework */; };
		AA285A2726838DA700580159 /* AppDelegate.m in Sources */ = {isa = PBXBuildFile; fileRef = AA285A2626838DA700580159 /* AppDelegate.m */; };
		AA285A2A26838DA700580159 /* SceneDelegate.m in Sources */ = {isa = PBXBuildFile; fileRef = AA285A2926838DA700580159 /* SceneDelegate.m */; };
		AA285A3026838DA700580159 /* Main.storyboard in Resources */ = {isa = PBXBuildFile; fileRef = AA285A2E26838DA700580159 /* Main.storyboard */; };
		AA285A3226838DA800580159 /* Assets.xcassets in Resources */ = {isa = PBXBuildFile; fileRef = AA285A3126838DA800580159 /* Assets.xcassets */; };
		AA285A3526838DA800580159 /* LaunchScreen.storyboard in Resources */ = {isa = PBXBuildFile; fileRef = AA285A3326838DA800580159 /* LaunchScreen.storyboard */; };
		AA285A3826838DA800580159 /* main.m in Sources */ = {isa = PBXBuildFile; fileRef = AA285A3726838DA800580159 /* main.m */; };
		AA285A4226838DA800580159 /* flixappTests.m in Sources */ = {isa = PBXBuildFile; fileRef = AA285A4126838DA800580159 /* flixappTests.m */; };
		AA285A4D26838DA800580159 /* flixappUITests.m in Sources */ = {isa = PBXBuildFile; fileRef = AA285A4C26838DA800580159 /* flixappUITests.m */; };
		AA285A6226839A2500580159 /* MoviesViewController.m in Sources */ = {isa = PBXBuildFile; fileRef = AA285A6126839A2500580159 /* MoviesViewController.m */; };
		AA285A652683BB9300580159 /* MovieCell.m in Sources */ = {isa = PBXBuildFile; fileRef = AA285A642683BB9300580159 /* MovieCell.m */; };
		AA285A682683D26900580159 /* DetailsViewController.m in Sources */ = {isa = PBXBuildFile; fileRef = AA285A672683D26900580159 /* DetailsViewController.m */; };
		C8B9400ADDC7BFF291004367 /* Pods_flixapp_flixappUITests.framework in Frameworks */ = {isa = PBXBuildFile; fileRef = 7A1DE637DF10C992036E83BE /* Pods_flixapp_flixappUITests.framework */; };
/* End PBXBuildFile section */

/* Begin PBXContainerItemProxy section */
		AA285A3E26838DA800580159 /* PBXContainerItemProxy */ = {
			isa = PBXContainerItemProxy;
			containerPortal = AA285A1A26838DA700580159 /* Project object */;
			proxyType = 1;
			remoteGlobalIDString = AA285A2126838DA700580159;
			remoteInfo = flixapp;
		};
		AA285A4926838DA800580159 /* PBXContainerItemProxy */ = {
			isa = PBXContainerItemProxy;
			containerPortal = AA285A1A26838DA700580159 /* Project object */;
			proxyType = 1;
			remoteGlobalIDString = AA285A2126838DA700580159;
			remoteInfo = flixapp;
		};
/* End PBXContainerItemProxy section */

/* Begin PBXFileReference section */
		26E1EB8E828417489B660CB4 /* Pods-flixappTests.release.xcconfig */ = {isa = PBXFileReference; includeInIndex = 1; lastKnownFileType = text.xcconfig; name = "Pods-flixappTests.release.xcconfig"; path = "Target Support Files/Pods-flixappTests/Pods-flixappTests.release.xcconfig"; sourceTree = "<group>"; };
		3016ECE5FDE3694665EEA202 /* Pods-flixapp-flixappUITests.release.xcconfig */ = {isa = PBXFileReference; includeInIndex = 1; lastKnownFileType = text.xcconfig; name = "Pods-flixapp-flixappUITests.release.xcconfig"; path = "Target Support Files/Pods-flixapp-flixappUITests/Pods-flixapp-flixappUITests.release.xcconfig"; sourceTree = "<group>"; };
		5D1A633BEA93608CC90C1FF5 /* Pods-flixapp-flixappUITests.debug.xcconfig */ = {isa = PBXFileReference; includeInIndex = 1; lastKnownFileType = text.xcconfig; name = "Pods-flixapp-flixappUITests.debug.xcconfig"; path = "Target Support Files/Pods-flixapp-flixappUITests/Pods-flixapp-flixappUITests.debug.xcconfig"; sourceTree = "<group>"; };
		606FF5B9994285BA360C557B /* Pods-flixappTests.debug.xcconfig */ = {isa = PBXFileReference; includeInIndex = 1; lastKnownFileType = text.xcconfig; name = "Pods-flixappTests.debug.xcconfig"; path = "Target Support Files/Pods-flixappTests/Pods-flixappTests.debug.xcconfig"; sourceTree = "<group>"; };
		7A1DE637DF10C992036E83BE /* Pods_flixapp_flixappUITests.framework */ = {isa = PBXFileReference; explicitFileType = wrapper.framework; includeInIndex = 0; path = Pods_flixapp_flixappUITests.framework; sourceTree = BUILT_PRODUCTS_DIR; };
		9971A1B71C924F339041D579 /* Pods-flixapp.debug.xcconfig */ = {isa = PBXFileReference; includeInIndex = 1; lastKnownFileType = text.xcconfig; name = "Pods-flixapp.debug.xcconfig"; path = "Target Support Files/Pods-flixapp/Pods-flixapp.debug.xcconfig"; sourceTree = "<group>"; };
		AA0174B776C27769F5934C2B /* Pods_flixapp.framework */ = {isa = PBXFileReference; explicitFileType = wrapper.framework; includeInIndex = 0; path = Pods_flixapp.framework; sourceTree = BUILT_PRODUCTS_DIR; };
		AA285A2226838DA700580159 /* flixapp.app */ = {isa = PBXFileReference; explicitFileType = wrapper.application; includeInIndex = 0; path = flixapp.app; sourceTree = BUILT_PRODUCTS_DIR; };
		AA285A2526838DA700580159 /* AppDelegate.h */ = {isa = PBXFileReference; lastKnownFileType = sourcecode.c.h; path = AppDelegate.h; sourceTree = "<group>"; };
		AA285A2626838DA700580159 /* AppDelegate.m */ = {isa = PBXFileReference; lastKnownFileType = sourcecode.c.objc; path = AppDelegate.m; sourceTree = "<group>"; };
		AA285A2826838DA700580159 /* SceneDelegate.h */ = {isa = PBXFileReference; lastKnownFileType = sourcecode.c.h; path = SceneDelegate.h; sourceTree = "<group>"; };
		AA285A2926838DA700580159 /* SceneDelegate.m */ = {isa = PBXFileReference; lastKnownFileType = sourcecode.c.objc; path = SceneDelegate.m; sourceTree = "<group>"; };
		AA285A2F26838DA700580159 /* Base */ = {isa = PBXFileReference; lastKnownFileType = file.storyboard; name = Base; path = Base.lproj/Main.storyboard; sourceTree = "<group>"; };
		AA285A3126838DA800580159 /* Assets.xcassets */ = {isa = PBXFileReference; lastKnownFileType = folder.assetcatalog; path = Assets.xcassets; sourceTree = "<group>"; };
		AA285A3426838DA800580159 /* Base */ = {isa = PBXFileReference; lastKnownFileType = file.storyboard; name = Base; path = Base.lproj/LaunchScreen.storyboard; sourceTree = "<group>"; };
		AA285A3626838DA800580159 /* Info.plist */ = {isa = PBXFileReference; lastKnownFileType = text.plist.xml; path = Info.plist; sourceTree = "<group>"; };
		AA285A3726838DA800580159 /* main.m */ = {isa = PBXFileReference; lastKnownFileType = sourcecode.c.objc; path = main.m; sourceTree = "<group>"; };
		AA285A3D26838DA800580159 /* flixappTests.xctest */ = {isa = PBXFileReference; explicitFileType = wrapper.cfbundle; includeInIndex = 0; path = flixappTests.xctest; sourceTree = BUILT_PRODUCTS_DIR; };
		AA285A4126838DA800580159 /* flixappTests.m */ = {isa = PBXFileReference; lastKnownFileType = sourcecode.c.objc; path = flixappTests.m; sourceTree = "<group>"; };
		AA285A4326838DA800580159 /* Info.plist */ = {isa = PBXFileReference; lastKnownFileType = text.plist.xml; path = Info.plist; sourceTree = "<group>"; };
		AA285A4826838DA800580159 /* flixappUITests.xctest */ = {isa = PBXFileReference; explicitFileType = wrapper.cfbundle; includeInIndex = 0; path = flixappUITests.xctest; sourceTree = BUILT_PRODUCTS_DIR; };
		AA285A4C26838DA800580159 /* flixappUITests.m */ = {isa = PBXFileReference; lastKnownFileType = sourcecode.c.objc; path = flixappUITests.m; sourceTree = "<group>"; };
		AA285A4E26838DA800580159 /* Info.plist */ = {isa = PBXFileReference; lastKnownFileType = text.plist.xml; path = Info.plist; sourceTree = "<group>"; };
		AA285A6026839A2500580159 /* MoviesViewController.h */ = {isa = PBXFileReference; lastKnownFileType = sourcecode.c.h; path = MoviesViewController.h; sourceTree = "<group>"; };
		AA285A6126839A2500580159 /* MoviesViewController.m */ = {isa = PBXFileReference; lastKnownFileType = sourcecode.c.objc; path = MoviesViewController.m; sourceTree = "<group>"; };
		AA285A632683BB9300580159 /* MovieCell.h */ = {isa = PBXFileReference; lastKnownFileType = sourcecode.c.h; path = MovieCell.h; sourceTree = "<group>"; };
		AA285A642683BB9300580159 /* MovieCell.m */ = {isa = PBXFileReference; lastKnownFileType = sourcecode.c.objc; path = MovieCell.m; sourceTree = "<group>"; };
		AA285A662683D26900580159 /* DetailsViewController.h */ = {isa = PBXFileReference; lastKnownFileType = sourcecode.c.h; path = DetailsViewController.h; sourceTree = "<group>"; };
		AA285A672683D26900580159 /* DetailsViewController.m */ = {isa = PBXFileReference; lastKnownFileType = sourcecode.c.objc; path = DetailsViewController.m; sourceTree = "<group>"; };
		BD2E90BC34B1DD700807B8FF /* Pods_flixappTests.framework */ = {isa = PBXFileReference; explicitFileType = wrapper.framework; includeInIndex = 0; path = Pods_flixappTests.framework; sourceTree = BUILT_PRODUCTS_DIR; };
		DD222A1DC2220A7E85DEB339 /* Pods-flixapp.release.xcconfig */ = {isa = PBXFileReference; includeInIndex = 1; lastKnownFileType = text.xcconfig; name = "Pods-flixapp.release.xcconfig"; path = "Target Support Files/Pods-flixapp/Pods-flixapp.release.xcconfig"; sourceTree = "<group>"; };
/* End PBXFileReference section */

/* Begin PBXFrameworksBuildPhase section */
		AA285A1F26838DA700580159 /* Frameworks */ = {
			isa = PBXFrameworksBuildPhase;
			buildActionMask = 2147483647;
			files = (
				92B001F4001CE620B0746F0A /* Pods_flixapp.framework in Frameworks */,
			);
			runOnlyForDeploymentPostprocessing = 0;
		};
		AA285A3A26838DA800580159 /* Frameworks */ = {
			isa = PBXFrameworksBuildPhase;
			buildActionMask = 2147483647;
			files = (
				54840194553677ECE84C2070 /* Pods_flixappTests.framework in Frameworks */,
			);
			runOnlyForDeploymentPostprocessing = 0;
		};
		AA285A4526838DA800580159 /* Frameworks */ = {
			isa = PBXFrameworksBuildPhase;
			buildActionMask = 2147483647;
			files = (
				C8B9400ADDC7BFF291004367 /* Pods_flixapp_flixappUITests.framework in Frameworks */,
			);
			runOnlyForDeploymentPostprocessing = 0;
		};
/* End PBXFrameworksBuildPhase section */

/* Begin PBXGroup section */
		39C2A8CDEC3AE1B70A34DC1A /* Frameworks */ = {
			isa = PBXGroup;
			children = (
				AA0174B776C27769F5934C2B /* Pods_flixapp.framework */,
				7A1DE637DF10C992036E83BE /* Pods_flixapp_flixappUITests.framework */,
				BD2E90BC34B1DD700807B8FF /* Pods_flixappTests.framework */,
			);
			name = Frameworks;
			sourceTree = "<group>";
		};
		769EF58D42F95BA0C3A4EFCF /* Pods */ = {
			isa = PBXGroup;
			children = (
				9971A1B71C924F339041D579 /* Pods-flixapp.debug.xcconfig */,
				DD222A1DC2220A7E85DEB339 /* Pods-flixapp.release.xcconfig */,
				5D1A633BEA93608CC90C1FF5 /* Pods-flixapp-flixappUITests.debug.xcconfig */,
				3016ECE5FDE3694665EEA202 /* Pods-flixapp-flixappUITests.release.xcconfig */,
				606FF5B9994285BA360C557B /* Pods-flixappTests.debug.xcconfig */,
				26E1EB8E828417489B660CB4 /* Pods-flixappTests.release.xcconfig */,
			);
			path = Pods;
			sourceTree = "<group>";
		};
		AA285A1926838DA700580159 = {
			isa = PBXGroup;
			children = (
				AA285A2426838DA700580159 /* flixapp */,
				AA285A4026838DA800580159 /* flixappTests */,
				AA285A4B26838DA800580159 /* flixappUITests */,
				AA285A2326838DA700580159 /* Products */,
				769EF58D42F95BA0C3A4EFCF /* Pods */,
				39C2A8CDEC3AE1B70A34DC1A /* Frameworks */,
			);
			sourceTree = "<group>";
		};
		AA285A2326838DA700580159 /* Products */ = {
			isa = PBXGroup;
			children = (
				AA285A2226838DA700580159 /* flixapp.app */,
				AA285A3D26838DA800580159 /* flixappTests.xctest */,
				AA285A4826838DA800580159 /* flixappUITests.xctest */,
			);
			name = Products;
			sourceTree = "<group>";
		};
		AA285A2426838DA700580159 /* flixapp */ = {
			isa = PBXGroup;
			children = (
				AA285A5F268399B000580159 /* View Controllers */,
				AA285A5E268399A900580159 /* Views */,
				AA285A5D268399A200580159 /* Models */,
				AA285A2526838DA700580159 /* AppDelegate.h */,
				AA285A2626838DA700580159 /* AppDelegate.m */,
				AA285A2826838DA700580159 /* SceneDelegate.h */,
				AA285A2926838DA700580159 /* SceneDelegate.m */,
				AA285A2E26838DA700580159 /* Main.storyboard */,
				AA285A3126838DA800580159 /* Assets.xcassets */,
				AA285A3326838DA800580159 /* LaunchScreen.storyboard */,
				AA285A3626838DA800580159 /* Info.plist */,
				AA285A3726838DA800580159 /* main.m */,
			);
			path = flixapp;
			sourceTree = "<group>";
		};
		AA285A4026838DA800580159 /* flixappTests */ = {
			isa = PBXGroup;
			children = (
				AA285A4126838DA800580159 /* flixappTests.m */,
				AA285A4326838DA800580159 /* Info.plist */,
			);
			path = flixappTests;
			sourceTree = "<group>";
		};
		AA285A4B26838DA800580159 /* flixappUITests */ = {
			isa = PBXGroup;
			children = (
				AA285A4C26838DA800580159 /* flixappUITests.m */,
				AA285A4E26838DA800580159 /* Info.plist */,
			);
			path = flixappUITests;
			sourceTree = "<group>";
		};
		AA285A5D268399A200580159 /* Models */ = {
			isa = PBXGroup;
			children = (
			);
			path = Models;
			sourceTree = "<group>";
		};
		AA285A5E268399A900580159 /* Views */ = {
			isa = PBXGroup;
			children = (
				AA285A632683BB9300580159 /* MovieCell.h */,
				AA285A642683BB9300580159 /* MovieCell.m */,
			);
			path = Views;
			sourceTree = "<group>";
		};
		AA285A5F268399B000580159 /* View Controllers */ = {
			isa = PBXGroup;
			children = (
				AA285A6026839A2500580159 /* MoviesViewController.h */,
				AA285A6126839A2500580159 /* MoviesViewController.m */,
				AA285A662683D26900580159 /* DetailsViewController.h */,
				AA285A672683D26900580159 /* DetailsViewController.m */,
			);
			path = "View Controllers";
			sourceTree = "<group>";
		};
/* End PBXGroup section */

/* Begin PBXNativeTarget section */
		AA285A2126838DA700580159 /* flixapp */ = {
			isa = PBXNativeTarget;
			buildConfigurationList = AA285A5126838DA800580159 /* Build configuration list for PBXNativeTarget "flixapp" */;
			buildPhases = (
				9537D54270BF7AE26931F4FE /* [CP] Check Pods Manifest.lock */,
				AA285A1E26838DA700580159 /* Sources */,
				AA285A1F26838DA700580159 /* Frameworks */,
				AA285A2026838DA700580159 /* Resources */,
				A6C42C5187249532143D2C78 /* [CP] Embed Pods Frameworks */,
			);
			buildRules = (
			);
			dependencies = (
			);
			name = flixapp;
			productName = flixapp;
			productReference = AA285A2226838DA700580159 /* flixapp.app */;
			productType = "com.apple.product-type.application";
		};
		AA285A3C26838DA800580159 /* flixappTests */ = {
			isa = PBXNativeTarget;
			buildConfigurationList = AA285A5426838DA800580159 /* Build configuration list for PBXNativeTarget "flixappTests" */;
			buildPhases = (
				BE78CCAC439C72BACFF3C434 /* [CP] Check Pods Manifest.lock */,
				AA285A3926838DA800580159 /* Sources */,
				AA285A3A26838DA800580159 /* Frameworks */,
				AA285A3B26838DA800580159 /* Resources */,
			);
			buildRules = (
			);
			dependencies = (
				AA285A3F26838DA800580159 /* PBXTargetDependency */,
			);
			name = flixappTests;
			productName = flixappTests;
			productReference = AA285A3D26838DA800580159 /* flixappTests.xctest */;
			productType = "com.apple.product-type.bundle.unit-test";
		};
		AA285A4726838DA800580159 /* flixappUITests */ = {
			isa = PBXNativeTarget;
			buildConfigurationList = AA285A5726838DA800580159 /* Build configuration list for PBXNativeTarget "flixappUITests" */;
			buildPhases = (
				02C2E5D806C18487EBAA4CAA /* [CP] Check Pods Manifest.lock */,
				AA285A4426838DA800580159 /* Sources */,
				AA285A4526838DA800580159 /* Frameworks */,
				AA285A4626838DA800580159 /* Resources */,
				7575815CD8F510DA9176E540 /* [CP] Embed Pods Frameworks */,
			);
			buildRules = (
			);
			dependencies = (
				AA285A4A26838DA800580159 /* PBXTargetDependency */,
			);
			name = flixappUITests;
			productName = flixappUITests;
			productReference = AA285A4826838DA800580159 /* flixappUITests.xctest */;
			productType = "com.apple.product-type.bundle.ui-testing";
		};
/* End PBXNativeTarget section */

/* Begin PBXProject section */
		AA285A1A26838DA700580159 /* Project object */ = {
			isa = PBXProject;
			attributes = {
				LastUpgradeCheck = 1250;
				TargetAttributes = {
					AA285A2126838DA700580159 = {
						CreatedOnToolsVersion = 12.5.1;
					};
					AA285A3C26838DA800580159 = {
						CreatedOnToolsVersion = 12.5.1;
						TestTargetID = AA285A2126838DA700580159;
					};
					AA285A4726838DA800580159 = {
						CreatedOnToolsVersion = 12.5.1;
						TestTargetID = AA285A2126838DA700580159;
					};
				};
			};
			buildConfigurationList = AA285A1D26838DA700580159 /* Build configuration list for PBXProject "flixapp" */;
			compatibilityVersion = "Xcode 9.3";
			developmentRegion = en;
			hasScannedForEncodings = 0;
			knownRegions = (
				en,
				Base,
			);
			mainGroup = AA285A1926838DA700580159;
			productRefGroup = AA285A2326838DA700580159 /* Products */;
			projectDirPath = "";
			projectRoot = "";
			targets = (
				AA285A2126838DA700580159 /* flixapp */,
				AA285A3C26838DA800580159 /* flixappTests */,
				AA285A4726838DA800580159 /* flixappUITests */,
			);
		};
/* End PBXProject section */

/* Begin PBXResourcesBuildPhase section */
		AA285A2026838DA700580159 /* Resources */ = {
			isa = PBXResourcesBuildPhase;
			buildActionMask = 2147483647;
			files = (
				AA285A3526838DA800580159 /* LaunchScreen.storyboard in Resources */,
				AA285A3226838DA800580159 /* Assets.xcassets in Resources */,
				AA285A3026838DA700580159 /* Main.storyboard in Resources */,
			);
			runOnlyForDeploymentPostprocessing = 0;
		};
		AA285A3B26838DA800580159 /* Resources */ = {
			isa = PBXResourcesBuildPhase;
			buildActionMask = 2147483647;
			files = (
			);
			runOnlyForDeploymentPostprocessing = 0;
		};
		AA285A4626838DA800580159 /* Resources */ = {
			isa = PBXResourcesBuildPhase;
			buildActionMask = 2147483647;
			files = (
			);
			runOnlyForDeploymentPostprocessing = 0;
		};
/* End PBXResourcesBuildPhase section */

/* Begin PBXShellScriptBuildPhase section */
		02C2E5D806C18487EBAA4CAA /* [CP] Check Pods Manifest.lock */ = {
			isa = PBXShellScriptBuildPhase;
			buildActionMask = 2147483647;
			files = (
			);
			inputFileListPaths = (
			);
			inputPaths = (
				"${PODS_PODFILE_DIR_PATH}/Podfile.lock",
				"${PODS_ROOT}/Manifest.lock",
			);
			name = "[CP] Check Pods Manifest.lock";
			outputFileListPaths = (
			);
			outputPaths = (
				"$(DERIVED_FILE_DIR)/Pods-flixapp-flixappUITests-checkManifestLockResult.txt",
			);
			runOnlyForDeploymentPostprocessing = 0;
			shellPath = /bin/sh;
			shellScript = "diff \"${PODS_PODFILE_DIR_PATH}/Podfile.lock\" \"${PODS_ROOT}/Manifest.lock\" > /dev/null\nif [ $? != 0 ] ; then\n    # print error to STDERR\n    echo \"error: The sandbox is not in sync with the Podfile.lock. Run 'pod install' or update your CocoaPods installation.\" >&2\n    exit 1\nfi\n# This output is used by Xcode 'outputs' to avoid re-running this script phase.\necho \"SUCCESS\" > \"${SCRIPT_OUTPUT_FILE_0}\"\n";
			showEnvVarsInLog = 0;
		};
		7575815CD8F510DA9176E540 /* [CP] Embed Pods Frameworks */ = {
			isa = PBXShellScriptBuildPhase;
			buildActionMask = 2147483647;
			files = (
			);
			inputFileListPaths = (
				"${PODS_ROOT}/Target Support Files/Pods-flixapp-flixappUITests/Pods-flixapp-flixappUITests-frameworks-${CONFIGURATION}-input-files.xcfilelist",
			);
			name = "[CP] Embed Pods Frameworks";
			outputFileListPaths = (
				"${PODS_ROOT}/Target Support Files/Pods-flixapp-flixappUITests/Pods-flixapp-flixappUITests-frameworks-${CONFIGURATION}-output-files.xcfilelist",
			);
			runOnlyForDeploymentPostprocessing = 0;
			shellPath = /bin/sh;
			shellScript = "\"${PODS_ROOT}/Target Support Files/Pods-flixapp-flixappUITests/Pods-flixapp-flixappUITests-frameworks.sh\"\n";
			showEnvVarsInLog = 0;
		};
		9537D54270BF7AE26931F4FE /* [CP] Check Pods Manifest.lock */ = {
			isa = PBXShellScriptBuildPhase;
			buildActionMask = 2147483647;
			files = (
			);
			inputFileListPaths = (
			);
			inputPaths = (
				"${PODS_PODFILE_DIR_PATH}/Podfile.lock",
				"${PODS_ROOT}/Manifest.lock",
			);
			name = "[CP] Check Pods Manifest.lock";
			outputFileListPaths = (
			);
			outputPaths = (
				"$(DERIVED_FILE_DIR)/Pods-flixapp-checkManifestLockResult.txt",
			);
			runOnlyForDeploymentPostprocessing = 0;
			shellPath = /bin/sh;
			shellScript = "diff \"${PODS_PODFILE_DIR_PATH}/Podfile.lock\" \"${PODS_ROOT}/Manifest.lock\" > /dev/null\nif [ $? != 0 ] ; then\n    # print error to STDERR\n    echo \"error: The sandbox is not in sync with the Podfile.lock. Run 'pod install' or update your CocoaPods installation.\" >&2\n    exit 1\nfi\n# This output is used by Xcode 'outputs' to avoid re-running this script phase.\necho \"SUCCESS\" > \"${SCRIPT_OUTPUT_FILE_0}\"\n";
			showEnvVarsInLog = 0;
		};
		A6C42C5187249532143D2C78 /* [CP] Embed Pods Frameworks */ = {
			isa = PBXShellScriptBuildPhase;
			buildActionMask = 2147483647;
			files = (
			);
			inputFileListPaths = (
				"${PODS_ROOT}/Target Support Files/Pods-flixapp/Pods-flixapp-frameworks-${CONFIGURATION}-input-files.xcfilelist",
			);
			name = "[CP] Embed Pods Frameworks";
			outputFileListPaths = (
				"${PODS_ROOT}/Target Support Files/Pods-flixapp/Pods-flixapp-frameworks-${CONFIGURATION}-output-files.xcfilelist",
			);
			runOnlyForDeploymentPostprocessing = 0;
			shellPath = /bin/sh;
			shellScript = "\"${PODS_ROOT}/Target Support Files/Pods-flixapp/Pods-flixapp-frameworks.sh\"\n";
			showEnvVarsInLog = 0;
		};
		BE78CCAC439C72BACFF3C434 /* [CP] Check Pods Manifest.lock */ = {
			isa = PBXShellScriptBuildPhase;
			buildActionMask = 2147483647;
			files = (
			);
			inputFileListPaths = (
			);
			inputPaths = (
				"${PODS_PODFILE_DIR_PATH}/Podfile.lock",
				"${PODS_ROOT}/Manifest.lock",
			);
			name = "[CP] Check Pods Manifest.lock";
			outputFileListPaths = (
			);
			outputPaths = (
				"$(DERIVED_FILE_DIR)/Pods-flixappTests-checkManifestLockResult.txt",
			);
			runOnlyForDeploymentPostprocessing = 0;
			shellPath = /bin/sh;
			shellScript = "diff \"${PODS_PODFILE_DIR_PATH}/Podfile.lock\" \"${PODS_ROOT}/Manifest.lock\" > /dev/null\nif [ $? != 0 ] ; then\n    # print error to STDERR\n    echo \"error: The sandbox is not in sync with the Podfile.lock. Run 'pod install' or update your CocoaPods installation.\" >&2\n    exit 1\nfi\n# This output is used by Xcode 'outputs' to avoid re-running this script phase.\necho \"SUCCESS\" > \"${SCRIPT_OUTPUT_FILE_0}\"\n";
			showEnvVarsInLog = 0;
		};
/* End PBXShellScriptBuildPhase section */

/* Begin PBXSourcesBuildPhase section */
		AA285A1E26838DA700580159 /* Sources */ = {
			isa = PBXSourcesBuildPhase;
			buildActionMask = 2147483647;
			files = (
				AA285A2726838DA700580159 /* AppDelegate.m in Sources */,
				AA285A652683BB9300580159 /* MovieCell.m in Sources */,
				AA285A3826838DA800580159 /* main.m in Sources */,
				AA285A682683D26900580159 /* DetailsViewController.m in Sources */,
				AA285A2A26838DA700580159 /* SceneDelegate.m in Sources */,
				AA285A6226839A2500580159 /* MoviesViewController.m in Sources */,
			);
			runOnlyForDeploymentPostprocessing = 0;
		};
		AA285A3926838DA800580159 /* Sources */ = {
			isa = PBXSourcesBuildPhase;
			buildActionMask = 2147483647;
			files = (
				AA285A4226838DA800580159 /* flixappTests.m in Sources */,
			);
			runOnlyForDeploymentPostprocessing = 0;
		};
		AA285A4426838DA800580159 /* Sources */ = {
			isa = PBXSourcesBuildPhase;
			buildActionMask = 2147483647;
			files = (
				AA285A4D26838DA800580159 /* flixappUITests.m in Sources */,
			);
			runOnlyForDeploymentPostprocessing = 0;
		};
/* End PBXSourcesBuildPhase section */

/* Begin PBXTargetDependency section */
		AA285A3F26838DA800580159 /* PBXTargetDependency */ = {
			isa = PBXTargetDependency;
			target = AA285A2126838DA700580159 /* flixapp */;
			targetProxy = AA285A3E26838DA800580159 /* PBXContainerItemProxy */;
		};
		AA285A4A26838DA800580159 /* PBXTargetDependency */ = {
			isa = PBXTargetDependency;
			target = AA285A2126838DA700580159 /* flixapp */;
			targetProxy = AA285A4926838DA800580159 /* PBXContainerItemProxy */;
		};
/* End PBXTargetDependency section */

/* Begin PBXVariantGroup section */
		AA285A2E26838DA700580159 /* Main.storyboard */ = {
			isa = PBXVariantGroup;
			children = (
				AA285A2F26838DA700580159 /* Base */,
			);
			name = Main.storyboard;
			sourceTree = "<group>";
		};
		AA285A3326838DA800580159 /* LaunchScreen.storyboard */ = {
			isa = PBXVariantGroup;
			children = (
				AA285A3426838DA800580159 /* Base */,
			);
			name = LaunchScreen.storyboard;
			sourceTree = "<group>";
		};
/* End PBXVariantGroup section */

/* Begin XCBuildConfiguration section */
		AA285A4F26838DA800580159 /* Debug */ = {
			isa = XCBuildConfiguration;
			buildSettings = {
				ALWAYS_SEARCH_USER_PATHS = NO;
				CLANG_ANALYZER_NONNULL = YES;
				CLANG_ANALYZER_NUMBER_OBJECT_CONVERSION = YES_AGGRESSIVE;
				CLANG_CXX_LANGUAGE_STANDARD = "gnu++14";
				CLANG_CXX_LIBRARY = "libc++";
				CLANG_ENABLE_MODULES = YES;
				CLANG_ENABLE_OBJC_ARC = YES;
				CLANG_ENABLE_OBJC_WEAK = YES;
				CLANG_WARN_BLOCK_CAPTURE_AUTORELEASING = YES;
				CLANG_WARN_BOOL_CONVERSION = YES;
				CLANG_WARN_COMMA = YES;
				CLANG_WARN_CONSTANT_CONVERSION = YES;
				CLANG_WARN_DEPRECATED_OBJC_IMPLEMENTATIONS = YES;
				CLANG_WARN_DIRECT_OBJC_ISA_USAGE = YES_ERROR;
				CLANG_WARN_DOCUMENTATION_COMMENTS = YES;
				CLANG_WARN_EMPTY_BODY = YES;
				CLANG_WARN_ENUM_CONVERSION = YES;
				CLANG_WARN_INFINITE_RECURSION = YES;
				CLANG_WARN_INT_CONVERSION = YES;
				CLANG_WARN_NON_LITERAL_NULL_CONVERSION = YES;
				CLANG_WARN_OBJC_IMPLICIT_RETAIN_SELF = YES;
				CLANG_WARN_OBJC_LITERAL_CONVERSION = YES;
				CLANG_WARN_OBJC_ROOT_CLASS = YES_ERROR;
				CLANG_WARN_QUOTED_INCLUDE_IN_FRAMEWORK_HEADER = YES;
				CLANG_WARN_RANGE_LOOP_ANALYSIS = YES;
				CLANG_WARN_STRICT_PROTOTYPES = YES;
				CLANG_WARN_SUSPICIOUS_MOVE = YES;
				CLANG_WARN_UNGUARDED_AVAILABILITY = YES_AGGRESSIVE;
				CLANG_WARN_UNREACHABLE_CODE = YES;
				CLANG_WARN__DUPLICATE_METHOD_MATCH = YES;
				COPY_PHASE_STRIP = NO;
				DEBUG_INFORMATION_FORMAT = dwarf;
				ENABLE_STRICT_OBJC_MSGSEND = YES;
				ENABLE_TESTABILITY = YES;
				GCC_C_LANGUAGE_STANDARD = gnu11;
				GCC_DYNAMIC_NO_PIC = NO;
				GCC_NO_COMMON_BLOCKS = YES;
				GCC_OPTIMIZATION_LEVEL = 0;
				GCC_PREPROCESSOR_DEFINITIONS = (
					"DEBUG=1",
					"$(inherited)",
				);
				GCC_WARN_64_TO_32_BIT_CONVERSION = YES;
				GCC_WARN_ABOUT_RETURN_TYPE = YES_ERROR;
				GCC_WARN_UNDECLARED_SELECTOR = YES;
				GCC_WARN_UNINITIALIZED_AUTOS = YES_AGGRESSIVE;
				GCC_WARN_UNUSED_FUNCTION = YES;
				GCC_WARN_UNUSED_VARIABLE = YES;
				IPHONEOS_DEPLOYMENT_TARGET = 14.5;
				MTL_ENABLE_DEBUG_INFO = INCLUDE_SOURCE;
				MTL_FAST_MATH = YES;
				ONLY_ACTIVE_ARCH = YES;
				SDKROOT = iphoneos;
			};
			name = Debug;
		};
		AA285A5026838DA800580159 /* Release */ = {
			isa = XCBuildConfiguration;
			buildSettings = {
				ALWAYS_SEARCH_USER_PATHS = NO;
				CLANG_ANALYZER_NONNULL = YES;
				CLANG_ANALYZER_NUMBER_OBJECT_CONVERSION = YES_AGGRESSIVE;
				CLANG_CXX_LANGUAGE_STANDARD = "gnu++14";
				CLANG_CXX_LIBRARY = "libc++";
				CLANG_ENABLE_MODULES = YES;
				CLANG_ENABLE_OBJC_ARC = YES;
				CLANG_ENABLE_OBJC_WEAK = YES;
				CLANG_WARN_BLOCK_CAPTURE_AUTORELEASING = YES;
				CLANG_WARN_BOOL_CONVERSION = YES;
				CLANG_WARN_COMMA = YES;
				CLANG_WARN_CONSTANT_CONVERSION = YES;
				CLANG_WARN_DEPRECATED_OBJC_IMPLEMENTATIONS = YES;
				CLANG_WARN_DIRECT_OBJC_ISA_USAGE = YES_ERROR;
				CLANG_WARN_DOCUMENTATION_COMMENTS = YES;
				CLANG_WARN_EMPTY_BODY = YES;
				CLANG_WARN_ENUM_CONVERSION = YES;
				CLANG_WARN_INFINITE_RECURSION = YES;
				CLANG_WARN_INT_CONVERSION = YES;
				CLANG_WARN_NON_LITERAL_NULL_CONVERSION = YES;
				CLANG_WARN_OBJC_IMPLICIT_RETAIN_SELF = YES;
				CLANG_WARN_OBJC_LITERAL_CONVERSION = YES;
				CLANG_WARN_OBJC_ROOT_CLASS = YES_ERROR;
				CLANG_WARN_QUOTED_INCLUDE_IN_FRAMEWORK_HEADER = YES;
				CLANG_WARN_RANGE_LOOP_ANALYSIS = YES;
				CLANG_WARN_STRICT_PROTOTYPES = YES;
				CLANG_WARN_SUSPICIOUS_MOVE = YES;
				CLANG_WARN_UNGUARDED_AVAILABILITY = YES_AGGRESSIVE;
				CLANG_WARN_UNREACHABLE_CODE = YES;
				CLANG_WARN__DUPLICATE_METHOD_MATCH = YES;
				COPY_PHASE_STRIP = NO;
				DEBUG_INFORMATION_FORMAT = "dwarf-with-dsym";
				ENABLE_NS_ASSERTIONS = NO;
				ENABLE_STRICT_OBJC_MSGSEND = YES;
				GCC_C_LANGUAGE_STANDARD = gnu11;
				GCC_NO_COMMON_BLOCKS = YES;
				GCC_WARN_64_TO_32_BIT_CONVERSION = YES;
				GCC_WARN_ABOUT_RETURN_TYPE = YES_ERROR;
				GCC_WARN_UNDECLARED_SELECTOR = YES;
				GCC_WARN_UNINITIALIZED_AUTOS = YES_AGGRESSIVE;
				GCC_WARN_UNUSED_FUNCTION = YES;
				GCC_WARN_UNUSED_VARIABLE = YES;
				IPHONEOS_DEPLOYMENT_TARGET = 14.5;
				MTL_ENABLE_DEBUG_INFO = NO;
				MTL_FAST_MATH = YES;
				SDKROOT = iphoneos;
				VALIDATE_PRODUCT = YES;
			};
			name = Release;
		};
		AA285A5226838DA800580159 /* Debug */ = {
			isa = XCBuildConfiguration;
			baseConfigurationReference = 9971A1B71C924F339041D579 /* Pods-flixapp.debug.xcconfig */;
			buildSettings = {
				ASSETCATALOG_COMPILER_APPICON_NAME = AppIcon;
				ASSETCATALOG_COMPILER_GLOBAL_ACCENT_COLOR_NAME = AccentColor;
				CODE_SIGN_STYLE = Automatic;
				DEVELOPMENT_TEAM = F87X6892G9;
				INFOPLIST_FILE = flixapp/Info.plist;
				LD_RUNPATH_SEARCH_PATHS = (
					"$(inherited)",
					"@executable_path/Frameworks",
				);
				PRODUCT_BUNDLE_IDENTIFIER = com.ljyao.flixapp;
				PRODUCT_NAME = "$(TARGET_NAME)";
				TARGETED_DEVICE_FAMILY = "1,2";
			};
			name = Debug;
		};
		AA285A5326838DA800580159 /* Release */ = {
			isa = XCBuildConfiguration;
			baseConfigurationReference = DD222A1DC2220A7E85DEB339 /* Pods-flixapp.release.xcconfig */;
			buildSettings = {
				ASSETCATALOG_COMPILER_APPICON_NAME = AppIcon;
				ASSETCATALOG_COMPILER_GLOBAL_ACCENT_COLOR_NAME = AccentColor;
				CODE_SIGN_STYLE = Automatic;
				DEVELOPMENT_TEAM = F87X6892G9;
				INFOPLIST_FILE = flixapp/Info.plist;
				LD_RUNPATH_SEARCH_PATHS = (
					"$(inherited)",
					"@executable_path/Frameworks",
				);
				PRODUCT_BUNDLE_IDENTIFIER = com.ljyao.flixapp;
				PRODUCT_NAME = "$(TARGET_NAME)";
				TARGETED_DEVICE_FAMILY = "1,2";
			};
			name = Release;
		};
		AA285A5526838DA800580159 /* Debug */ = {
			isa = XCBuildConfiguration;
			baseConfigurationReference = 606FF5B9994285BA360C557B /* Pods-flixappTests.debug.xcconfig */;
			buildSettings = {
				BUNDLE_LOADER = "$(TEST_HOST)";
				CODE_SIGN_STYLE = Automatic;
				DEVELOPMENT_TEAM = F87X6892G9;
				INFOPLIST_FILE = flixappTests/Info.plist;
				IPHONEOS_DEPLOYMENT_TARGET = 14.5;
				LD_RUNPATH_SEARCH_PATHS = (
					"$(inherited)",
					"@executable_path/Frameworks",
					"@loader_path/Frameworks",
				);
				PRODUCT_BUNDLE_IDENTIFIER = com.ljyao.flixappTests;
				PRODUCT_NAME = "$(TARGET_NAME)";
				TARGETED_DEVICE_FAMILY = "1,2";
				TEST_HOST = "$(BUILT_PRODUCTS_DIR)/flixapp.app/flixapp";
			};
			name = Debug;
		};
		AA285A5626838DA800580159 /* Release */ = {
			isa = XCBuildConfiguration;
			baseConfigurationReference = 26E1EB8E828417489B660CB4 /* Pods-flixappTests.release.xcconfig */;
			buildSettings = {
				BUNDLE_LOADER = "$(TEST_HOST)";
				CODE_SIGN_STYLE = Automatic;
				DEVELOPMENT_TEAM = F87X6892G9;
				INFOPLIST_FILE = flixappTests/Info.plist;
				IPHONEOS_DEPLOYMENT_TARGET = 14.5;
				LD_RUNPATH_SEARCH_PATHS = (
					"$(inherited)",
					"@executable_path/Frameworks",
					"@loader_path/Frameworks",
				);
				PRODUCT_BUNDLE_IDENTIFIER = com.ljyao.flixappTests;
				PRODUCT_NAME = "$(TARGET_NAME)";
				TARGETED_DEVICE_FAMILY = "1,2";
				TEST_HOST = "$(BUILT_PRODUCTS_DIR)/flixapp.app/flixapp";
			};
			name = Release;
		};
		AA285A5826838DA800580159 /* Debug */ = {
			isa = XCBuildConfiguration;
			baseConfigurationReference = 5D1A633BEA93608CC90C1FF5 /* Pods-flixapp-flixappUITests.debug.xcconfig */;
			buildSettings = {
				CODE_SIGN_STYLE = Automatic;
				DEVELOPMENT_TEAM = F87X6892G9;
				INFOPLIST_FILE = flixappUITests/Info.plist;
				LD_RUNPATH_SEARCH_PATHS = (
					"$(inherited)",
					"@executable_path/Frameworks",
					"@loader_path/Frameworks",
				);
				PRODUCT_BUNDLE_IDENTIFIER = com.ljyao.flixappUITests;
				PRODUCT_NAME = "$(TARGET_NAME)";
				TARGETED_DEVICE_FAMILY = "1,2";
				TEST_TARGET_NAME = flixapp;
			};
			name = Debug;
		};
		AA285A5926838DA800580159 /* Release */ = {
			isa = XCBuildConfiguration;
			baseConfigurationReference = 3016ECE5FDE3694665EEA202 /* Pods-flixapp-flixappUITests.release.xcconfig */;
			buildSettings = {
				CODE_SIGN_STYLE = Automatic;
				DEVELOPMENT_TEAM = F87X6892G9;
				INFOPLIST_FILE = flixappUITests/Info.plist;
				LD_RUNPATH_SEARCH_PATHS = (
					"$(inherited)",
					"@executable_path/Frameworks",
					"@loader_path/Frameworks",
				);
				PRODUCT_BUNDLE_IDENTIFIER = com.ljyao.flixappUITests;
				PRODUCT_NAME = "$(TARGET_NAME)";
				TARGETED_DEVICE_FAMILY = "1,2";
				TEST_TARGET_NAME = flixapp;
			};
			name = Release;
		};
/* End XCBuildConfiguration section */

/* Begin XCConfigurationList section */
		AA285A1D26838DA700580159 /* Build configuration list for PBXProject "flixapp" */ = {
			isa = XCConfigurationList;
			buildConfigurations = (
				AA285A4F26838DA800580159 /* Debug */,
				AA285A5026838DA800580159 /* Release */,
			);
			defaultConfigurationIsVisible = 0;
			defaultConfigurationName = Release;
		};
		AA285A5126838DA800580159 /* Build configuration list for PBXNativeTarget "flixapp" */ = {
			isa = XCConfigurationList;
			buildConfigurations = (
				AA285A5226838DA800580159 /* Debug */,
				AA285A5326838DA800580159 /* Release */,
			);
			defaultConfigurationIsVisible = 0;
			defaultConfigurationName = Release;
		};
		AA285A5426838DA800580159 /* Build configuration list for PBXNativeTarget "flixappTests" */ = {
			isa = XCConfigurationList;
			buildConfigurations = (
				AA285A5526838DA800580159 /* Debug */,
				AA285A5626838DA800580159 /* Release */,
			);
			defaultConfigurationIsVisible = 0;
			defaultConfigurationName = Release;
		};
		AA285A5726838DA800580159 /* Build configuration list for PBXNativeTarget "flixappUITests" */ = {
			isa = XCConfigurationList;
			buildConfigurations = (
				AA285A5826838DA800580159 /* Debug */,
				AA285A5926838DA800580159 /* Release */,
			);
			defaultConfigurationIsVisible = 0;
			defaultConfigurationName = Release;
		};
/* End XCConfigurationList section */
	};
	rootObject = AA285A1A26838DA700580159 /* Project object */;
}
